
Microsoft Visual Studio Solution File, Format Version 12.00
Project("{FAE04EC0-301F-11D3-BF4B-00C04F79EFBC}") = "DramaMeter", "DramaMeter\DramaMeter.csproj", "{6E69A526-D2D3-4DEC-AE07-7F1FFCC56585}"
EndProject
Global
	GlobalSection(SolutionConfigurationPlatforms) = preSolution
		Debug|Any CPU = Debug|Any CPU
		Release|Any CPU = Release|Any CPU
	EndGlobalSection
	GlobalSection(ProjectConfigurationPlatforms) = postSolution
		{6E69A526-D2D3-4DEC-AE07-7F1FFCC56585}.Debug|Any CPU.ActiveCfg = Debug|Any CPU
		{6E69A526-D2D3-4DEC-AE07-7F1FFCC56585}.Debug|Any CPU.Build.0 = Debug|Any CPU
		{6E69A526-D2D3-4DEC-AE07-7F1FFCC56585}.Release|Any CPU.ActiveCfg = Release|Any CPU
		{6E69A526-D2D3-4DEC-AE07-7F1FFCC56585}.Release|Any CPU.Build.0 = Release|Any CPU
	EndGlobalSection
EndGlobal
